
Microsoft Visual Studio Solution File, Format Version 12.00
# Visual Studio 15
VisualStudioVersion = 15.0.27130.2024
MinimumVisualStudioVersion = 10.0.40219.1
Project("{FAE04EC0-301F-11D3-BF4B-00C04F79EFBC}") = "Retriever", "Retriever\Retriever.csproj", "{17BF0741-04F8-40E4-A9B2-C7020A344FA5}"
EndProject
Project("{FAE04EC0-301F-11D3-BF4B-00C04F79EFBC}") = "Reader", "Reader\Reader.csproj", "{1F40C84D-76FB-4F41-A5D9-C694E662460A}"
EndProject
Project("{FAE04EC0-301F-11D3-BF4B-00C04F79EFBC}") = "Gatherer", "Gatherer\Gatherer.csproj", "{92990891-0BB5-4F96-ADC6-2977F35AEE66}"
EndProject
Project("{FAE04EC0-301F-11D3-BF4B-00C04F79EFBC}") = "Utilities", "Utilities\Utilities.csproj", "{E20FD3B4-1B45-4FB3-B277-3715ED269621}"
EndProject
Project("{FAE04EC0-301F-11D3-BF4B-00C04F79EFBC}") = "DataTypes", "DataTypes\DataTypes.csproj", "{B1A4EE03-99AF-4D51-8B3D-7CDFCF7ECA8B}"
EndProject
Project("{FAE04EC0-301F-11D3-BF4B-00C04F79EFBC}") = "ManagedWifi", "..\..\..\..\Desktop\Nowy folder\sourceCode\ManagedWifi.csproj", "{6AA425C9-EA6A-4B01-AAED-5FF122E8B663}"
EndProject
Global
	GlobalSection(SolutionConfigurationPlatforms) = preSolution
		Debug|Any CPU = Debug|Any CPU
		Release|Any CPU = Release|Any CPU
	EndGlobalSection
	GlobalSection(ProjectConfigurationPlatforms) = postSolution
		{17BF0741-04F8-40E4-A9B2-C7020A344FA5}.Debug|Any CPU.ActiveCfg = Debug|Any CPU
		{17BF0741-04F8-40E4-A9B2-C7020A344FA5}.Debug|Any CPU.Build.0 = Debug|Any CPU
		{17BF0741-04F8-40E4-A9B2-C7020A344FA5}.Release|Any CPU.ActiveCfg = Release|Any CPU
		{17BF0741-04F8-40E4-A9B2-C7020A344FA5}.Release|Any CPU.Build.0 = Release|Any CPU
		{1F40C84D-76FB-4F41-A5D9-C694E662460A}.Debug|Any CPU.ActiveCfg = Debug|Any CPU
		{1F40C84D-76FB-4F41-A5D9-C694E662460A}.Debug|Any CPU.Build.0 = Debug|Any CPU
		{1F40C84D-76FB-4F41-A5D9-C694E662460A}.Release|Any CPU.ActiveCfg = Release|Any CPU
		{1F40C84D-76FB-4F41-A5D9-C694E662460A}.Release|Any CPU.Build.0 = Release|Any CPU
		{92990891-0BB5-4F96-ADC6-2977F35AEE66}.Debug|Any CPU.ActiveCfg = Debug|Any CPU
		{92990891-0BB5-4F96-ADC6-2977F35AEE66}.Debug|Any CPU.Build.0 = Debug|Any CPU
		{92990891-0BB5-4F96-ADC6-2977F35AEE66}.Release|Any CPU.ActiveCfg = Release|Any CPU
		{92990891-0BB5-4F96-ADC6-2977F35AEE66}.Release|Any CPU.Build.0 = Release|Any CPU
		{E20FD3B4-1B45-4FB3-B277-3715ED269621}.Debug|Any CPU.ActiveCfg = Debug|Any CPU
		{E20FD3B4-1B45-4FB3-B277-3715ED269621}.Debug|Any CPU.Build.0 = Debug|Any CPU
		{E20FD3B4-1B45-4FB3-B277-3715ED269621}.Release|Any CPU.ActiveCfg = Release|Any CPU
		{E20FD3B4-1B45-4FB3-B277-3715ED269621}.Release|Any CPU.Build.0 = Release|Any CPU
		{B1A4EE03-99AF-4D51-8B3D-7CDFCF7ECA8B}.Debug|Any CPU.ActiveCfg = Debug|Any CPU
		{B1A4EE03-99AF-4D51-8B3D-7CDFCF7ECA8B}.Debug|Any CPU.Build.0 = Debug|Any CPU
		{B1A4EE03-99AF-4D51-8B3D-7CDFCF7ECA8B}.Release|Any CPU.ActiveCfg = Release|Any CPU
		{B1A4EE03-99AF-4D51-8B3D-7CDFCF7ECA8B}.Release|Any CPU.Build.0 = Release|Any CPU
		{6AA425C9-EA6A-4B01-AAED-5FF122E8B663}.Debug|Any CPU.ActiveCfg = Debug|Any CPU
		{6AA425C9-EA6A-4B01-AAED-5FF122E8B663}.Debug|Any CPU.Build.0 = Debug|Any CPU
		{6AA425C9-EA6A-4B01-AAED-5FF122E8B663}.Release|Any CPU.ActiveCfg = Release|Any CPU
		{6AA425C9-EA6A-4B01-AAED-5FF122E8B663}.Release|Any CPU.Build.0 = Release|Any CPU
	EndGlobalSection
	GlobalSection(SolutionProperties) = preSolution
		HideSolutionNode = FALSE
	EndGlobalSection
	GlobalSection(ExtensibilityGlobals) = postSolution
		SolutionGuid = {E516E7D8-C0A1-4F60-BA44-21779D1838E9}
	EndGlobalSection
EndGlobal
